<?xml version="1.0" encoding="utf-8"?>
<Project ToolsVersion="4.0" xmlns="http://schemas.microsoft.com/developer/msbuild/2003">
  <ItemGroup>
    <Filter Include="Исходные файлы">
      <UniqueIdentifier>{4FC737F1-C7A5-4376-A066-2A32D752A2FF}</UniqueIdentifier>
      <Extensions>cpp;c;cc;cxx;c++;cppm;ixx;def;odl;idl;hpj;bat;asm;asmx</Extensions>
    </Filter>
    <Filter Include="Файлы заголовков">
      <UniqueIdentifier>{93995380-89BD-4b04-88EB-625FBE52EBFB}</UniqueIdentifier>
      <Extensions>h;hh;hpp;hxx;h++;hm;inl;inc;ipp;xsd</Extensions>
    </Filter>
    <Filter Include="Файлы ресурсов">
      <UniqueIdentifier>{67DA6AB6-F800-4c08-8B7A-83BB121AAD01}</UniqueIdentifier>
      <Extensions>rc;ico;cur;bmp;dlg;rc2;rct;bin;rgs;gif;jpg;jpeg;jpe;resx;tiff;tif;png;wav;mfcribbon-ms</Extensions>
    </Filter>
    <Filter Include="Исходные файлы\menu">
      <UniqueIdentifier>{c2ee3c5c-083a-4d24-be4d-270d370cf967}</UniqueIdentifier>
    </Filter>
    <Filter Include="Исходные файлы\AssertManager">
      <UniqueIdentifier>{588b6fa1-3464-45a0-8a4e-eccfa135d95c}</UniqueIdentifier>
    </Filter>
    <Filter Include="Исходные файлы\Cursor">
      <UniqueIdentifier>{4b679b17-64bf-4c94-92f0-d34649adc259}</UniqueIdentifier>
    </Filter>
    <Filter Include="Исходные файлы\Game">
      <UniqueIdentifier>{dd5eae5f-2b70-40af-806a-ce1a8e84283e}</UniqueIdentifier>
    </Filter>
    <Filter Include="Исходные файлы\Game\Ducks">
      <UniqueIdentifier>{def6296f-e890-43bd-a38e-6623ee92bbfa}</UniqueIdentifier>
    </Filter>
    <Filter Include="Исходные файлы\Game\Ducks\DuckBlue">
      <UniqueIdentifier>{3ae37821-cd3b-4948-88ad-58c2335392b4}</UniqueIdentifier>
    </Filter>
  </ItemGroup>
  <ItemGroup>
    <ClCompile Include="duckKiller.cpp">
      <Filter>Исходные файлы</Filter>
    </ClCompile>
    <ClCompile Include="Menu.cpp">
      <Filter>Исходные файлы\menu</Filter>
    </ClCompile>
    <ClCompile Include="AssertManager.cpp">
      <Filter>Исходные файлы\AssertManager</Filter>
    </ClCompile>
    <ClCompile Include="Cursor.cpp">
      <Filter>Исходные файлы\Cursor</Filter>
    </ClCompile>
    <ClCompile Include="Game.cpp">
      <Filter>Исходные файлы\Game</Filter>
    </ClCompile>
    <ClCompile Include="Ducks.cpp">
      <Filter>Исходные файлы\Game\Ducks</Filter>
    </ClCompile>
    <ClCompile Include="DuckBlue.cpp">
      <Filter>Исходные файлы\Game\Ducks\DuckBlue</Filter>
    </ClCompile>
  </ItemGroup>
  <ItemGroup>
    <ClInclude Include="Menu.h">
      <Filter>Исходные файлы\menu</Filter>
    </ClInclude>
    <ClInclude Include="AssertManager.h">
      <Filter>Исходные файлы\AssertManager</Filter>
    </ClInclude>
    <ClInclude Include="Cursor.h">
      <Filter>Исходные файлы\Cursor</Filter>
    </ClInclude>
    <ClInclude Include="Game.h">
      <Filter>Исходные файлы\Game</Filter>
    </ClInclude>
    <ClInclude Include="resource.h">
      <Filter>Файлы заголовков</Filter>
    </ClInclude>
    <ClInclude Include="DuckBlue.h">
      <Filter>Исходные файлы\Game\Ducks\DuckBlue</Filter>
    </ClInclude>
    <ClInclude Include="Ducks.h">
      <Filter>Исходные файлы\Game\Ducks</Filter>
    </ClInclude>
  </ItemGroup>
  <ItemGroup>
    <ResourceCompile Include="duckKiller.rc">
      <Filter>Файлы ресурсов</Filter>
    </ResourceCompile>
  </ItemGroup>
</Project>